
Microsoft Visual Studio Solution File, Format Version 12.00
# Visual Studio Version 16
VisualStudioVersion = 16.0.29519.87
MinimumVisualStudioVersion = 10.0.40219.1
Project("{FAE04EC0-301F-11D3-BF4B-00C04F79EFBC}") = "examuser", "examuser\examuser.csproj", "{DDE72629-7052-457F-9C84-42E821B8943A}"
EndProject
Global
	GlobalSection(SolutionConfigurationPlatforms) = preSolution
		Debug|Any CPU = Debug|Any CPU
		Release|Any CPU = Release|Any CPU
	EndGlobalSection
	GlobalSection(ProjectConfigurationPlatforms) = postSolution
		{DDE72629-7052-457F-9C84-42E821B8943A}.Debug|Any CPU.ActiveCfg = Debug|Any CPU
		{DDE72629-7052-457F-9C84-42E821B8943A}.Debug|Any CPU.Build.0 = Debug|Any CPU
		{DDE72629-7052-457F-9C84-42E821B8943A}.Release|Any CPU.ActiveCfg = Release|Any CPU
		{DDE72629-7052-457F-9C84-42E821B8943A}.Release|Any CPU.Build.0 = Release|Any CPU
	EndGlobalSection
	GlobalSection(SolutionProperties) = preSolution
		HideSolutionNode = FALSE
	EndGlobalSection
	GlobalSection(ExtensibilityGlobals) = postSolution
		SolutionGuid = {C6DB144D-0A31-4818-8EB9-840270D04CA6}
	EndGlobalSection
EndGlobal
